
Microsoft Visual Studio Solution File, Format Version 12.00
# Visual Studio 15
VisualStudioVersion = 15.0.27703.2042
MinimumVisualStudioVersion = 10.0.40219.1
Project("{FAE04EC0-301F-11D3-BF4B-00C04F79EFBC}") = "Practic2", "Practic2\Practic2.csproj", "{432734BA-A4B3-41F5-98D8-243881CA2748}"
EndProject
Global
	GlobalSection(SolutionConfigurationPlatforms) = preSolution
		Debug|Any CPU = Debug|Any CPU
		Release|Any CPU = Release|Any CPU
	EndGlobalSection
	GlobalSection(ProjectConfigurationPlatforms) = postSolution
		{432734BA-A4B3-41F5-98D8-243881CA2748}.Debug|Any CPU.ActiveCfg = Debug|Any CPU
		{432734BA-A4B3-41F5-98D8-243881CA2748}.Debug|Any CPU.Build.0 = Debug|Any CPU
		{432734BA-A4B3-41F5-98D8-243881CA2748}.Release|Any CPU.ActiveCfg = Release|Any CPU
		{432734BA-A4B3-41F5-98D8-243881CA2748}.Release|Any CPU.Build.0 = Release|Any CPU
	EndGlobalSection
	GlobalSection(SolutionProperties) = preSolution
		HideSolutionNode = FALSE
	EndGlobalSection
	GlobalSection(ExtensibilityGlobals) = postSolution
		SolutionGuid = {666DB421-F648-4558-9020-A2DA8E2E28E0}
	EndGlobalSection
EndGlobal
